
Microsoft Visual Studio Solution File, Format Version 12.00
# Visual Studio Version 17
VisualStudioVersion = 17.4.33213.308
MinimumVisualStudioVersion = 10.0.40219.1
Project("{FAE04EC0-301F-11D3-BF4B-00C04F79EFBC}") = "DateTime", "DateTime\DateTime.csproj", "{FE43E5EB-B5F9-40D3-BE7D-29CACE90A048}"
EndProject
Global
	GlobalSection(SolutionConfigurationPlatforms) = preSolution
		Debug|Any CPU = Debug|Any CPU
		Release|Any CPU = Release|Any CPU
	EndGlobalSection
	GlobalSection(ProjectConfigurationPlatforms) = postSolution
		{FE43E5EB-B5F9-40D3-BE7D-29CACE90A048}.Debug|Any CPU.ActiveCfg = Debug|Any CPU
		{FE43E5EB-B5F9-40D3-BE7D-29CACE90A048}.Debug|Any CPU.Build.0 = Debug|Any CPU
		{FE43E5EB-B5F9-40D3-BE7D-29CACE90A048}.Release|Any CPU.ActiveCfg = Release|Any CPU
		{FE43E5EB-B5F9-40D3-BE7D-29CACE90A048}.Release|Any CPU.Build.0 = Release|Any CPU
	EndGlobalSection
	GlobalSection(SolutionProperties) = preSolution
		HideSolutionNode = FALSE
	EndGlobalSection
	GlobalSection(ExtensibilityGlobals) = postSolution
		SolutionGuid = {84F16828-B4CB-4DD3-A9E9-157F28465FFC}
	EndGlobalSection
EndGlobal
